
Microsoft Visual Studio Solution File, Format Version 12.00
# Visual Studio Version 17
VisualStudioVersion = 17.7.34202.233
MinimumVisualStudioVersion = 10.0.40219.1
Project("{FAE04EC0-301F-11D3-BF4B-00C04F79EFBC}") = "Them phan tu vao mang", "Them phan tu vao mang.csproj", "{82001DD4-41F3-4812-BAA9-54D76EC472B9}"
EndProject
Global
	GlobalSection(SolutionConfigurationPlatforms) = preSolution
		Debug|Any CPU = Debug|Any CPU
		Release|Any CPU = Release|Any CPU
	EndGlobalSection
	GlobalSection(ProjectConfigurationPlatforms) = postSolution
		{82001DD4-41F3-4812-BAA9-54D76EC472B9}.Debug|Any CPU.ActiveCfg = Debug|Any CPU
		{82001DD4-41F3-4812-BAA9-54D76EC472B9}.Debug|Any CPU.Build.0 = Debug|Any CPU
		{82001DD4-41F3-4812-BAA9-54D76EC472B9}.Release|Any CPU.ActiveCfg = Release|Any CPU
		{82001DD4-41F3-4812-BAA9-54D76EC472B9}.Release|Any CPU.Build.0 = Release|Any CPU
	EndGlobalSection
	GlobalSection(SolutionProperties) = preSolution
		HideSolutionNode = FALSE
	EndGlobalSection
	GlobalSection(ExtensibilityGlobals) = postSolution
		SolutionGuid = {858FAD94-B87D-44AF-96CC-4802BC8209C6}
	EndGlobalSection
EndGlobal
